
Microsoft Visual Studio Solution File, Format Version 12.00
# Visual Studio Version 17
VisualStudioVersion = 17.13.35931.197 d17.13
MinimumVisualStudioVersion = 10.0.40219.1
Project("{E24C65DC-7377-472B-9ABA-BC803B73C61A}") = "ReportsWebsiteDemo", "ReportsWebsiteDemo\", "{B88AAF68-FD2F-DA9E-E876-CC1128BCFD7C}"
	ProjectSection(WebsiteProperties) = preProject
		TargetFrameworkMoniker = ".NETFramework,Version%3Dv4.8"
		Debug.AspNetCompiler.VirtualPath = "/localhost_57758"
		Debug.AspNetCompiler.PhysicalPath = "ReportsWebsiteDemo\"
		Debug.AspNetCompiler.TargetPath = "PrecompiledWeb\localhost_57758\"
		Debug.AspNetCompiler.Updateable = "true"
		Debug.AspNetCompiler.ForceOverwrite = "true"
		Debug.AspNetCompiler.FixedNames = "false"
		Debug.AspNetCompiler.Debug = "True"
		Release.AspNetCompiler.VirtualPath = "/localhost_57758"
		Release.AspNetCompiler.PhysicalPath = "ReportsWebsiteDemo\"
		Release.AspNetCompiler.TargetPath = "PrecompiledWeb\localhost_57758\"
		Release.AspNetCompiler.Updateable = "true"
		Release.AspNetCompiler.ForceOverwrite = "true"
		Release.AspNetCompiler.FixedNames = "false"
		Release.AspNetCompiler.Debug = "False"
		VWDPort = "57758"
		SlnRelativePath = "ReportsWebsiteDemo\"
		DefaultWebSiteLanguage = "Visual C#"
	EndProjectSection
EndProject
Global
	GlobalSection(SolutionConfigurationPlatforms) = preSolution
		Debug|Any CPU = Debug|Any CPU
	EndGlobalSection
	GlobalSection(ProjectConfigurationPlatforms) = postSolution
		{B88AAF68-FD2F-DA9E-E876-CC1128BCFD7C}.Debug|Any CPU.ActiveCfg = Debug|Any CPU
		{B88AAF68-FD2F-DA9E-E876-CC1128BCFD7C}.Debug|Any CPU.Build.0 = Debug|Any CPU
	EndGlobalSection
	GlobalSection(SolutionProperties) = preSolution
		HideSolutionNode = FALSE
	EndGlobalSection
	GlobalSection(ExtensibilityGlobals) = postSolution
		SolutionGuid = {2B1B234C-8BCA-4300-81BA-654B23BC0969}
	EndGlobalSection
EndGlobal
